// !$*UTF8*$!
{
	archiveVersion = 1;
	classes = {
	};
	objectVersion = 46;
	objects = {

/* Begin PBXBuildFile section */
		3C8C5FCD1DEA22A09ED69E2D /* libPods.a in Frameworks */ = {isa = PBXBuildFile; fileRef = 06B779FF2F77A08A2704F9C0 /* libPods.a */; };
		932F83AC1C91B5CE0077A566 /* JSONModel.m in Sources */ = {isa = PBXBuildFile; fileRef = 932F83A51C91B5CE0077A566 /* JSONModel.m */; };
		932F83AD1C91B5CE0077A566 /* JSONModelArray.m in Sources */ = {isa = PBXBuildFile; fileRef = 932F83A71C91B5CE0077A566 /* JSONModelArray.m */; };
		932F83AE1C91B5CE0077A566 /* JSONModelClassProperty.m in Sources */ = {isa = PBXBuildFile; fileRef = 932F83A91C91B5CE0077A566 /* JSONModelClassProperty.m */; };
		932F83AF1C91B5CE0077A566 /* JSONModelError.m in Sources */ = {isa = PBXBuildFile; fileRef = 932F83AB1C91B5CE0077A566 /* JSONModelError.m */; };
		932F83B31C91B63A0077A566 /* NSArray+JSONModel.m in Sources */ = {isa = PBXBuildFile; fileRef = 932F83B21C91B63A0077A566 /* NSArray+JSONModel.m */; };
		932F83BB1C91B64C0077A566 /* JSONAPI.m in Sources */ = {isa = PBXBuildFile; fileRef = 932F83B61C91B64C0077A566 /* JSONAPI.m */; };
		932F83BC1C91B64C0077A566 /* JSONHTTPClient.m in Sources */ = {isa = PBXBuildFile; fileRef = 932F83B81C91B64C0077A566 /* JSONHTTPClient.m */; };
		932F83BD1C91B64C0077A566 /* JSONModel+networking.m in Sources */ = {isa = PBXBuildFile; fileRef = 932F83BA1C91B64C0077A566 /* JSONModel+networking.m */; };
		932F83C21C91B6560077A566 /* JSONKeyMapper.m in Sources */ = {isa = PBXBuildFile; fileRef = 932F83BF1C91B6560077A566 /* JSONKeyMapper.m */; };
		932F83C31C91B6560077A566 /* JSONValueTransformer.m in Sources */ = {isa = PBXBuildFile; fileRef = 932F83C11C91B6560077A566 /* JSONValueTransformer.m */; };
		9340CD931CB057170015BA59 /* icon-ios7-gear-128.png in Resources */ = {isa = PBXBuildFile; fileRef = 9340CD921CB057170015BA59 /* icon-ios7-gear-128.png */; };
		9340CD9C1CB061690015BA59 /* settingViewController.m in Sources */ = {isa = PBXBuildFile; fileRef = 9340CD9B1CB061690015BA59 /* settingViewController.m */; };
		934DFC401C63946600AC3A0A /* CBAutoScrollLabel.m in Sources */ = {isa = PBXBuildFile; fileRef = 934DFC3F1C63946600AC3A0A /* CBAutoScrollLabel.m */; };
		93710DC41C7CE7C40066B916 /* btnCheck.png in Resources */ = {isa = PBXBuildFile; fileRef = 93710DBE1C7CE7C40066B916 /* btnCheck.png */; };
		93710DC51C7CE7C40066B916 /* btnCheck@2x.png in Resources */ = {isa = PBXBuildFile; fileRef = 93710DBF1C7CE7C40066B916 /* btnCheck@2x.png */; };
		93710DC61C7CE7C40066B916 /* HUD.m in Sources */ = {isa = PBXBuildFile; fileRef = 93710DC11C7CE7C40066B916 /* HUD.m */; };
		93710DC71C7CE7C40066B916 /* MBProgressHUD.m in Sources */ = {isa = PBXBuildFile; fileRef = 93710DC31C7CE7C40066B916 /* MBProgressHUD.m */; };
		9384867C1C8CA027004A2371 /* loginViewController.m in Sources */ = {isa = PBXBuildFile; fileRef = 9384867B1C8CA027004A2371 /* loginViewController.m */; };
		93933F701C515F6E0029510E /* main.m in Sources */ = {isa = PBXBuildFile; fileRef = 93933F6F1C515F6E0029510E /* main.m */; };
		93933F731C515F6E0029510E /* AppDelegate.m in Sources */ = {isa = PBXBuildFile; fileRef = 93933F721C515F6E0029510E /* AppDelegate.m */; };
		93933F761C515F6E0029510E /* ViewController.m in Sources */ = {isa = PBXBuildFile; fileRef = 93933F751C515F6E0029510E /* ViewController.m */; };
		93933F791C515F6E0029510E /* Main.storyboard in Resources */ = {isa = PBXBuildFile; fileRef = 93933F771C515F6E0029510E /* Main.storyboard */; settings = {ASSET_TAGS = (1, ); }; };
		93933F7C1C515F6E0029510E /* TeamR_RealTimeDisplay.xcdatamodeld in Sources */ = {isa = PBXBuildFile; fileRef = 93933F7A1C515F6E0029510E /* TeamR_RealTimeDisplay.xcdatamodeld */; };
		93933F7E1C515F6E0029510E /* Assets.xcassets in Resources */ = {isa = PBXBuildFile; fileRef = 93933F7D1C515F6E0029510E /* Assets.xcassets */; };
		93933F811C515F6E0029510E /* LaunchScreen.storyboard in Resources */ = {isa = PBXBuildFile; fileRef = 93933F7F1C515F6E0029510E /* LaunchScreen.storyboard */; };
		93933F8C1C515F6E0029510E /* TeamR_RealTimeDisplayTests.m in Sources */ = {isa = PBXBuildFile; fileRef = 93933F8B1C515F6E0029510E /* TeamR_RealTimeDisplayTests.m */; };
		93933F971C515F6E0029510E /* TeamR_RealTimeDisplayUITests.m in Sources */ = {isa = PBXBuildFile; fileRef = 93933F961C515F6E0029510E /* TeamR_RealTimeDisplayUITests.m */; };
		93C30D571C643100001CF279 /* SWRevealViewController.m in Sources */ = {isa = PBXBuildFile; fileRef = 93C30D561C643100001CF279 /* SWRevealViewController.m */; };
		93C30D591C643160001CF279 /* MenuViewcontroller.m in Sources */ = {isa = PBXBuildFile; fileRef = 93C30D581C643160001CF279 /* MenuViewcontroller.m */; };
		93D605BD1C640F9D00E82DAD /* reveal-icon.png in Resources */ = {isa = PBXBuildFile; fileRef = 93D605BC1C640F9D00E82DAD /* reveal-icon.png */; };
		93FF2F9A1C80AD3A00737AE6 /* assetModel.m in Sources */ = {isa = PBXBuildFile; fileRef = 93FF2F991C80AD3A00737AE6 /* assetModel.m */; };
/* End PBXBuildFile section */

/* Begin PBXContainerItemProxy section */
		93933F881C515F6E0029510E /* PBXContainerItemProxy */ = {
			isa = PBXContainerItemProxy;
			containerPortal = 93933F631C515F6E0029510E /* Project object */;
			proxyType = 1;
			remoteGlobalIDString = 93933F6A1C515F6E0029510E;
			remoteInfo = TeamR_RealTimeDisplay;
		};
		93933F931C515F6E0029510E /* PBXContainerItemProxy */ = {
			isa = PBXContainerItemProxy;
			containerPortal = 93933F631C515F6E0029510E /* Project object */;
			proxyType = 1;
			remoteGlobalIDString = 93933F6A1C515F6E0029510E;
			remoteInfo = TeamR_RealTimeDisplay;
		};
/* End PBXContainerItemProxy section */

/* Begin PBXFileReference section */
		06B779FF2F77A08A2704F9C0 /* libPods.a */ = {isa = PBXFileReference; explicitFileType = archive.ar; includeInIndex = 0; path = libPods.a; sourceTree = BUILT_PRODUCTS_DIR; };
		39616FB16857AC12AA46CC72 /* Pods.debug.xcconfig */ = {isa = PBXFileReference; includeInIndex = 1; lastKnownFileType = text.xcconfig; name = Pods.debug.xcconfig; path = "Pods/Target Support Files/Pods/Pods.debug.xcconfig"; sourceTree = "<group>"; };
		6316AA759C149E74AE3D12D2 /* Pods.release.xcconfig */ = {isa = PBXFileReference; includeInIndex = 1; lastKnownFileType = text.xcconfig; name = Pods.release.xcconfig; path = "Pods/Target Support Files/Pods/Pods.release.xcconfig"; sourceTree = "<group>"; };
		932F83A41C91B5CE0077A566 /* JSONModel.h */ = {isa = PBXFileReference; fileEncoding = 4; lastKnownFileType = sourcecode.c.h; path = JSONModel.h; sourceTree = "<group>"; };
		932F83A51C91B5CE0077A566 /* JSONModel.m */ = {isa = PBXFileReference; fileEncoding = 4; lastKnownFileType = sourcecode.c.objc; path = JSONModel.m; sourceTree = "<group>"; };
		932F83A61C91B5CE0077A566 /* JSONModelArray.h */ = {isa = PBXFileReference; fileEncoding = 4; lastKnownFileType = sourcecode.c.h; path = JSONModelArray.h; sourceTree = "<group>"; };
		932F83A71C91B5CE0077A566 /* JSONModelArray.m */ = {isa = PBXFileReference; fileEncoding = 4; lastKnownFileType = sourcecode.c.objc; path = JSONModelArray.m; sourceTree = "<group>"; };
		932F83A81C91B5CE0077A566 /* JSONModelClassProperty.h */ = {isa = PBXFileReference; fileEncoding = 4; lastKnownFileType = sourcecode.c.h; path = JSONModelClassProperty.h; sourceTree = "<group>"; };
		932F83A91C91B5CE0077A566 /* JSONModelClassProperty.m */ = {isa = PBXFileReference; fileEncoding = 4; lastKnownFileType = sourcecode.c.objc; path = JSONModelClassProperty.m; sourceTree = "<group>"; };
		932F83AA1C91B5CE0077A566 /* JSONModelError.h */ = {isa = PBXFileReference; fileEncoding = 4; lastKnownFileType = sourcecode.c.h; path = JSONModelError.h; sourceTree = "<group>"; };
		932F83AB1C91B5CE0077A566 /* JSONModelError.m */ = {isa = PBXFileReference; fileEncoding = 4; lastKnownFileType = sourcecode.c.objc; path = JSONModelError.m; sourceTree = "<group>"; };
		932F83B11C91B63A0077A566 /* NSArray+JSONModel.h */ = {isa = PBXFileReference; fileEncoding = 4; lastKnownFileType = sourcecode.c.h; path = "NSArray+JSONModel.h"; sourceTree = "<group>"; };
		932F83B21C91B63A0077A566 /* NSArray+JSONModel.m */ = {isa = PBXFileReference; fileEncoding = 4; lastKnownFileType = sourcecode.c.objc; path = "NSArray+JSONModel.m"; sourceTree = "<group>"; };
		932F83B41C91B6420077A566 /* JSONModelLib.h */ = {isa = PBXFileReference; lastKnownFileType = sourcecode.c.h; path = JSONModelLib.h; sourceTree = "<group>"; };
		932F83B51C91B64C0077A566 /* JSONAPI.h */ = {isa = PBXFileReference; fileEncoding = 4; lastKnownFileType = sourcecode.c.h; path = JSONAPI.h; sourceTree = "<group>"; };
		932F83B61C91B64C0077A566 /* JSONAPI.m */ = {isa = PBXFileReference; fileEncoding = 4; lastKnownFileType = sourcecode.c.objc; path = JSONAPI.m; sourceTree = "<group>"; };
		932F83B71C91B64C0077A566 /* JSONHTTPClient.h */ = {isa = PBXFileReference; fileEncoding = 4; lastKnownFileType = sourcecode.c.h; path = JSONHTTPClient.h; sourceTree = "<group>"; };
		932F83B81C91B64C0077A566 /* JSONHTTPClient.m */ = {isa = PBXFileReference; fileEncoding = 4; lastKnownFileType = sourcecode.c.objc; path = JSONHTTPClient.m; sourceTree = "<group>"; };
		932F83B91C91B64C0077A566 /* JSONModel+networking.h */ = {isa = PBXFileReference; fileEncoding = 4; lastKnownFileType = sourcecode.c.h; path = "JSONModel+networking.h"; sourceTree = "<group>"; };
		932F83BA1C91B64C0077A566 /* JSONModel+networking.m */ = {isa = PBXFileReference; fileEncoding = 4; lastKnownFileType = sourcecode.c.objc; path = "JSONModel+networking.m"; sourceTree = "<group>"; };
		932F83BE1C91B6560077A566 /* JSONKeyMapper.h */ = {isa = PBXFileReference; fileEncoding = 4; lastKnownFileType = sourcecode.c.h; path = JSONKeyMapper.h; sourceTree = "<group>"; };
		932F83BF1C91B6560077A566 /* JSONKeyMapper.m */ = {isa = PBXFileReference; fileEncoding = 4; lastKnownFileType = sourcecode.c.objc; path = JSONKeyMapper.m; sourceTree = "<group>"; };
		932F83C01C91B6560077A566 /* JSONValueTransformer.h */ = {isa = PBXFileReference; fileEncoding = 4; lastKnownFileType = sourcecode.c.h; path = JSONValueTransformer.h; sourceTree = "<group>"; };
		932F83C11C91B6560077A566 /* JSONValueTransformer.m */ = {isa = PBXFileReference; fileEncoding = 4; lastKnownFileType = sourcecode.c.objc; path = JSONValueTransformer.m; sourceTree = "<group>"; };
		9340CD921CB057170015BA59 /* icon-ios7-gear-128.png */ = {isa = PBXFileReference; lastKnownFileType = image.png; path = "icon-ios7-gear-128.png"; sourceTree = "<group>"; };
		9340CD9A1CB061690015BA59 /* settingViewController.h */ = {isa = PBXFileReference; fileEncoding = 4; lastKnownFileType = sourcecode.c.h; path = settingViewController.h; sourceTree = "<group>"; };
		9340CD9B1CB061690015BA59 /* settingViewController.m */ = {isa = PBXFileReference; fileEncoding = 4; lastKnownFileType = sourcecode.c.objc; path = settingViewController.m; sourceTree = "<group>"; };
		934DFC3E1C63946600AC3A0A /* CBAutoScrollLabel.h */ = {isa = PBXFileReference; fileEncoding = 4; lastKnownFileType = sourcecode.c.h; path = CBAutoScrollLabel.h; sourceTree = "<group>"; };
		934DFC3F1C63946600AC3A0A /* CBAutoScrollLabel.m */ = {isa = PBXFileReference; fileEncoding = 4; lastKnownFileType = sourcecode.c.objc; path = CBAutoScrollLabel.m; sourceTree = "<group>"; };
		93710DBE1C7CE7C40066B916 /* btnCheck.png */ = {isa = PBXFileReference; lastKnownFileType = image.png; path = btnCheck.png; sourceTree = "<group>"; };
		93710DBF1C7CE7C40066B916 /* btnCheck@2x.png */ = {isa = PBXFileReference; lastKnownFileType = image.png; path = "btnCheck@2x.png"; sourceTree = "<group>"; };
		93710DC01C7CE7C40066B916 /* HUD.h */ = {isa = PBXFileReference; fileEncoding = 4; lastKnownFileType = sourcecode.c.h; path = HUD.h; sourceTree = "<group>"; };
		93710DC11C7CE7C40066B916 /* HUD.m */ = {isa = PBXFileReference; fileEncoding = 4; lastKnownFileType = sourcecode.c.objc; path = HUD.m; sourceTree = "<group>"; };
		93710DC21C7CE7C40066B916 /* MBProgressHUD.h */ = {isa = PBXFileReference; fileEncoding = 4; lastKnownFileType = sourcecode.c.h; path = MBProgressHUD.h; sourceTree = "<group>"; };
		93710DC31C7CE7C40066B916 /* MBProgressHUD.m */ = {isa = PBXFileReference; fileEncoding = 4; lastKnownFileType = sourcecode.c.objc; path = MBProgressHUD.m; sourceTree = "<group>"; };
		9384867A1C8CA027004A2371 /* loginViewController.h */ = {isa = PBXFileReference; fileEncoding = 4; lastKnownFileType = sourcecode.c.h; path = loginViewController.h; sourceTree = "<group>"; };
		9384867B1C8CA027004A2371 /* loginViewController.m */ = {isa = PBXFileReference; fileEncoding = 4; lastKnownFileType = sourcecode.c.objc; path = loginViewController.m; sourceTree = "<group>"; };
		93933F6B1C515F6E0029510E /* TeamR_RealTimeDisplay.app */ = {isa = PBXFileReference; explicitFileType = wrapper.application; includeInIndex = 0; path = TeamR_RealTimeDisplay.app; sourceTree = BUILT_PRODUCTS_DIR; };
		93933F6F1C515F6E0029510E /* main.m */ = {isa = PBXFileReference; lastKnownFileType = sourcecode.c.objc; path = main.m; sourceTree = "<group>"; };
		93933F711C515F6E0029510E /* AppDelegate.h */ = {isa = PBXFileReference; lastKnownFileType = sourcecode.c.h; path = AppDelegate.h; sourceTree = "<group>"; };
		93933F721C515F6E0029510E /* AppDelegate.m */ = {isa = PBXFileReference; lastKnownFileType = sourcecode.c.objc; path = AppDelegate.m; sourceTree = "<group>"; };
		93933F741C515F6E0029510E /* ViewController.h */ = {isa = PBXFileReference; lastKnownFileType = sourcecode.c.h; path = ViewController.h; sourceTree = "<group>"; };
		93933F751C515F6E0029510E /* ViewController.m */ = {isa = PBXFileReference; lastKnownFileType = sourcecode.c.objc; path = ViewController.m; sourceTree = "<group>"; };
		93933F781C515F6E0029510E /* Base */ = {isa = PBXFileReference; lastKnownFileType = file.storyboard; name = Base; path = Base.lproj/Main.storyboard; sourceTree = "<group>"; };
		93933F7B1C515F6E0029510E /* TeamR_RealTimeDisplay.xcdatamodel */ = {isa = PBXFileReference; lastKnownFileType = wrapper.xcdatamodel; path = TeamR_RealTimeDisplay.xcdatamodel; sourceTree = "<group>"; };
		93933F7D1C515F6E0029510E /* Assets.xcassets */ = {isa = PBXFileReference; lastKnownFileType = folder.assetcatalog; path = Assets.xcassets; sourceTree = "<group>"; };
		93933F801C515F6E0029510E /* Base */ = {isa = PBXFileReference; lastKnownFileType = file.storyboard; name = Base; path = Base.lproj/LaunchScreen.storyboard; sourceTree = "<group>"; };
		93933F821C515F6E0029510E /* Info.plist */ = {isa = PBXFileReference; lastKnownFileType = text.plist.xml; path = Info.plist; sourceTree = "<group>"; };
		93933F871C515F6E0029510E /* TeamR_RealTimeDisplayTests.xctest */ = {isa = PBXFileReference; explicitFileType = wrapper.cfbundle; includeInIndex = 0; path = TeamR_RealTimeDisplayTests.xctest; sourceTree = BUILT_PRODUCTS_DIR; };
		93933F8B1C515F6E0029510E /* TeamR_RealTimeDisplayTests.m */ = {isa = PBXFileReference; lastKnownFileType = sourcecode.c.objc; path = TeamR_RealTimeDisplayTests.m; sourceTree = "<group>"; };
		93933F8D1C515F6E0029510E /* Info.plist */ = {isa = PBXFileReference; lastKnownFileType = text.plist.xml; path = Info.plist; sourceTree = "<group>"; };
		93933F921C515F6E0029510E /* TeamR_RealTimeDisplayUITests.xctest */ = {isa = PBXFileReference; explicitFileType = wrapper.cfbundle; includeInIndex = 0; path = TeamR_RealTimeDisplayUITests.xctest; sourceTree = BUILT_PRODUCTS_DIR; };
		93933F961C515F6E0029510E /* TeamR_RealTimeDisplayUITests.m */ = {isa = PBXFileReference; lastKnownFileType = sourcecode.c.objc; path = TeamR_RealTimeDisplayUITests.m; sourceTree = "<group>"; };
		93933F981C515F6E0029510E /* Info.plist */ = {isa = PBXFileReference; lastKnownFileType = text.plist.xml; path = Info.plist; sourceTree = "<group>"; };
		93C30D551C643100001CF279 /* SWRevealViewController.h */ = {isa = PBXFileReference; fileEncoding = 4; lastKnownFileType = sourcecode.c.h; path = SWRevealViewController.h; sourceTree = "<group>"; };
		93C30D561C643100001CF279 /* SWRevealViewController.m */ = {isa = PBXFileReference; fileEncoding = 4; lastKnownFileType = sourcecode.c.objc; path = SWRevealViewController.m; sourceTree = "<group>"; };
		93C30D581C643160001CF279 /* MenuViewcontroller.m */ = {isa = PBXFileReference; fileEncoding = 4; lastKnownFileType = sourcecode.c.objc; path = MenuViewcontroller.m; sourceTree = "<group>"; };
		93C30D5A1C64317C001CF279 /* MenuViewcontroller.h */ = {isa = PBXFileReference; lastKnownFileType = sourcecode.c.h; path = MenuViewcontroller.h; sourceTree = "<group>"; };
		93D605BC1C640F9D00E82DAD /* reveal-icon.png */ = {isa = PBXFileReference; lastKnownFileType = image.png; path = "reveal-icon.png"; sourceTree = "<group>"; };
		93FF2F981C80AD3A00737AE6 /* assetModel.h */ = {isa = PBXFileReference; fileEncoding = 4; lastKnownFileType = sourcecode.c.h; path = assetModel.h; sourceTree = "<group>"; };
		93FF2F991C80AD3A00737AE6 /* assetModel.m */ = {isa = PBXFileReference; fileEncoding = 4; lastKnownFileType = sourcecode.c.objc; path = assetModel.m; sourceTree = "<group>"; };
/* End PBXFileReference section */

/* Begin PBXFrameworksBuildPhase section */
		93933F681C515F6E0029510E /* Frameworks */ = {
			isa = PBXFrameworksBuildPhase;
			buildActionMask = 2147483647;
			files = (
				3C8C5FCD1DEA22A09ED69E2D /* libPods.a in Frameworks */,
			);
			runOnlyForDeploymentPostprocessing = 0;
		};
		93933F841C515F6E0029510E /* Frameworks */ = {
			isa = PBXFrameworksBuildPhase;
			buildActionMask = 2147483647;
			files = (
			);
			runOnlyForDeploymentPostprocessing = 0;
		};
		93933F8F1C515F6E0029510E /* Frameworks */ = {
			isa = PBXFrameworksBuildPhase;
			buildActionMask = 2147483647;
			files = (
			);
			runOnlyForDeploymentPostprocessing = 0;
		};
/* End PBXFrameworksBuildPhase section */

/* Begin PBXGroup section */
		7A139D4DB3B00EB761911FA2 /* Frameworks */ = {
			isa = PBXGroup;
			children = (
				06B779FF2F77A08A2704F9C0 /* libPods.a */,
			);
			name = Frameworks;
			sourceTree = "<group>";
		};
		932F83B01C91B6130077A566 /* JSONModel */ = {
			isa = PBXGroup;
			children = (
				932F83A81C91B5CE0077A566 /* JSONModelClassProperty.h */,
				932F83A91C91B5CE0077A566 /* JSONModelClassProperty.m */,
				932F83B51C91B64C0077A566 /* JSONAPI.h */,
				932F83B61C91B64C0077A566 /* JSONAPI.m */,
				932F83B71C91B64C0077A566 /* JSONHTTPClient.h */,
				932F83B81C91B64C0077A566 /* JSONHTTPClient.m */,
				932F83B91C91B64C0077A566 /* JSONModel+networking.h */,
				932F83BE1C91B6560077A566 /* JSONKeyMapper.h */,
				932F83BF1C91B6560077A566 /* JSONKeyMapper.m */,
				932F83C01C91B6560077A566 /* JSONValueTransformer.h */,
				932F83C11C91B6560077A566 /* JSONValueTransformer.m */,
				932F83BA1C91B64C0077A566 /* JSONModel+networking.m */,
				932F83B41C91B6420077A566 /* JSONModelLib.h */,
				932F83AA1C91B5CE0077A566 /* JSONModelError.h */,
				932F83B11C91B63A0077A566 /* NSArray+JSONModel.h */,
				932F83B21C91B63A0077A566 /* NSArray+JSONModel.m */,
				932F83AB1C91B5CE0077A566 /* JSONModelError.m */,
				932F83A41C91B5CE0077A566 /* JSONModel.h */,
				932F83A51C91B5CE0077A566 /* JSONModel.m */,
				932F83A61C91B5CE0077A566 /* JSONModelArray.h */,
				932F83A71C91B5CE0077A566 /* JSONModelArray.m */,
			);
			name = JSONModel;
			sourceTree = "<group>";
		};
		9363AF6B1C600C7500125650 /* view */ = {
			isa = PBXGroup;
			children = (
				93933F771C515F6E0029510E /* Main.storyboard */,
			);
			name = view;
			sourceTree = "<group>";
		};
		9363AF6C1C600CAE00125650 /* Controller */ = {
			isa = PBXGroup;
			children = (
				93933F711C515F6E0029510E /* AppDelegate.h */,
				93933F721C515F6E0029510E /* AppDelegate.m */,
				93933F741C515F6E0029510E /* ViewController.h */,
				93933F751C515F6E0029510E /* ViewController.m */,
				93C30D5A1C64317C001CF279 /* MenuViewcontroller.h */,
				93C30D581C643160001CF279 /* MenuViewcontroller.m */,
				9384867A1C8CA027004A2371 /* loginViewController.h */,
				9384867B1C8CA027004A2371 /* loginViewController.m */,
				93FF2F981C80AD3A00737AE6 /* assetModel.h */,
				93FF2F991C80AD3A00737AE6 /* assetModel.m */,
				9340CD9A1CB061690015BA59 /* settingViewController.h */,
				9340CD9B1CB061690015BA59 /* settingViewController.m */,
			);
			name = Controller;
			sourceTree = "<group>";
		};
		93933F621C515F6E0029510E = {
			isa = PBXGroup;
			children = (
				93933F6D1C515F6E0029510E /* TeamR_RealTimeDisplay */,
				93933F8A1C515F6E0029510E /* TeamR_RealTimeDisplayTests */,
				93933F951C515F6E0029510E /* TeamR_RealTimeDisplayUITests */,
				93933F6C1C515F6E0029510E /* Products */,
				E42B343B2DD5D18077B9AAD6 /* Pods */,
				7A139D4DB3B00EB761911FA2 /* Frameworks */,
			);
			sourceTree = "<group>";
		};
		93933F6C1C515F6E0029510E /* Products */ = {
			isa = PBXGroup;
			children = (
				93933F6B1C515F6E0029510E /* TeamR_RealTimeDisplay.app */,
				93933F871C515F6E0029510E /* TeamR_RealTimeDisplayTests.xctest */,
				93933F921C515F6E0029510E /* TeamR_RealTimeDisplayUITests.xctest */,
			);
			name = Products;
			sourceTree = "<group>";
		};
		93933F6D1C515F6E0029510E /* TeamR_RealTimeDisplay */ = {
			isa = PBXGroup;
			children = (
				93C30D551C643100001CF279 /* SWRevealViewController.h */,
				93C30D561C643100001CF279 /* SWRevealViewController.m */,
				934DFC3E1C63946600AC3A0A /* CBAutoScrollLabel.h */,
				934DFC3F1C63946600AC3A0A /* CBAutoScrollLabel.m */,
				9363AF6C1C600CAE00125650 /* Controller */,
				9363AF6B1C600C7500125650 /* view */,
				93933F7D1C515F6E0029510E /* Assets.xcassets */,
				93933F7F1C515F6E0029510E /* LaunchScreen.storyboard */,
				93933F821C515F6E0029510E /* Info.plist */,
				93933F7A1C515F6E0029510E /* TeamR_RealTimeDisplay.xcdatamodeld */,
				93933F6E1C515F6E0029510E /* Supporting Files */,
			);
			path = TeamR_RealTimeDisplay;
			sourceTree = "<group>";
		};
		93933F6E1C515F6E0029510E /* Supporting Files */ = {
			isa = PBXGroup;
			children = (
				932F83B01C91B6130077A566 /* JSONModel */,
				93D605BC1C640F9D00E82DAD /* reveal-icon.png */,
				9340CD921CB057170015BA59 /* icon-ios7-gear-128.png */,
				93710DBE1C7CE7C40066B916 /* btnCheck.png */,
				93710DBF1C7CE7C40066B916 /* btnCheck@2x.png */,
				93710DC01C7CE7C40066B916 /* HUD.h */,
				93710DC11C7CE7C40066B916 /* HUD.m */,
				93710DC21C7CE7C40066B916 /* MBProgressHUD.h */,
				93710DC31C7CE7C40066B916 /* MBProgressHUD.m */,
				93933F6F1C515F6E0029510E /* main.m */,
			);
			name = "Supporting Files";
			sourceTree = "<group>";
		};
		93933F8A1C515F6E0029510E /* TeamR_RealTimeDisplayTests */ = {
			isa = PBXGroup;
			children = (
				93933F8B1C515F6E0029510E /* TeamR_RealTimeDisplayTests.m */,
				93933F8D1C515F6E0029510E /* Info.plist */,
			);
			path = TeamR_RealTimeDisplayTests;
			sourceTree = "<group>";
		};
		93933F951C515F6E0029510E /* TeamR_RealTimeDisplayUITests */ = {
			isa = PBXGroup;
			children = (
				93933F961C515F6E0029510E /* TeamR_RealTimeDisplayUITests.m */,
				93933F981C515F6E0029510E /* Info.plist */,
			);
			path = TeamR_RealTimeDisplayUITests;
			sourceTree = "<group>";
		};
		E42B343B2DD5D18077B9AAD6 /* Pods */ = {
			isa = PBXGroup;
			children = (
				39616FB16857AC12AA46CC72 /* Pods.debug.xcconfig */,
				6316AA759C149E74AE3D12D2 /* Pods.release.xcconfig */,
			);
			name = Pods;
			sourceTree = "<group>";
		};
/* End PBXGroup section */

/* Begin PBXNativeTarget section */
		93933F6A1C515F6E0029510E /* TeamR_RealTimeDisplay */ = {
			isa = PBXNativeTarget;
			buildConfigurationList = 93933F9B1C515F6E0029510E /* Build configuration list for PBXNativeTarget "TeamR_RealTimeDisplay" */;
			buildPhases = (
				72A1363216AA7C44A050B1B0 /* Check Pods Manifest.lock */,
				93933F671C515F6E0029510E /* Sources */,
				93933F681C515F6E0029510E /* Frameworks */,
				93933F691C515F6E0029510E /* Resources */,
				BE7ED1E3CBA85A8035880FDA /* Embed Pods Frameworks */,
				C27775E2D9E8135DA7F28C90 /* Copy Pods Resources */,
			);
			buildRules = (
			);
			dependencies = (
			);
			name = TeamR_RealTimeDisplay;
			productName = TeamR_RealTimeDisplay;
			productReference = 93933F6B1C515F6E0029510E /* TeamR_RealTimeDisplay.app */;
			productType = "com.apple.product-type.application";
		};
		93933F861C515F6E0029510E /* TeamR_RealTimeDisplayTests */ = {
			isa = PBXNativeTarget;
			buildConfigurationList = 93933F9E1C515F6E0029510E /* Build configuration list for PBXNativeTarget "TeamR_RealTimeDisplayTests" */;
			buildPhases = (
				93933F831C515F6E0029510E /* Sources */,
				93933F841C515F6E0029510E /* Frameworks */,
				93933F851C515F6E0029510E /* Resources */,
			);
			buildRules = (
			);
			dependencies = (
				93933F891C515F6E0029510E /* PBXTargetDependency */,
			);
			name = TeamR_RealTimeDisplayTests;
			productName = TeamR_RealTimeDisplayTests;
			productReference = 93933F871C515F6E0029510E /* TeamR_RealTimeDisplayTests.xctest */;
			productType = "com.apple.product-type.bundle.unit-test";
		};
		93933F911C515F6E0029510E /* TeamR_RealTimeDisplayUITests */ = {
			isa = PBXNativeTarget;
			buildConfigurationList = 93933FA11C515F6E0029510E /* Build configuration list for PBXNativeTarget "TeamR_RealTimeDisplayUITests" */;
			buildPhases = (
				93933F8E1C515F6E0029510E /* Sources */,
				93933F8F1C515F6E0029510E /* Frameworks */,
				93933F901C515F6E0029510E /* Resources */,
			);
			buildRules = (
			);
			dependencies = (
				93933F941C515F6E0029510E /* PBXTargetDependency */,
			);
			name = TeamR_RealTimeDisplayUITests;
			productName = TeamR_RealTimeDisplayUITests;
			productReference = 93933F921C515F6E0029510E /* TeamR_RealTimeDisplayUITests.xctest */;
			productType = "com.apple.product-type.bundle.ui-testing";
		};
/* End PBXNativeTarget section */

/* Begin PBXProject section */
		93933F631C515F6E0029510E /* Project object */ = {
			isa = PBXProject;
			attributes = {
				KnownAssetTags = (
					1,
				);
				LastUpgradeCheck = 0730;
				ORGANIZATIONNAME = "Darin McCarren";
				TargetAttributes = {
					93933F6A1C515F6E0029510E = {
						CreatedOnToolsVersion = 7.2;
						DevelopmentTeam = VD36R95S84;
					};
					93933F861C515F6E0029510E = {
						CreatedOnToolsVersion = 7.2;
						DevelopmentTeam = VD36R95S84;
						TestTargetID = 93933F6A1C515F6E0029510E;
					};
					93933F911C515F6E0029510E = {
						CreatedOnToolsVersion = 7.2;
						DevelopmentTeam = VD36R95S84;
						TestTargetID = 93933F6A1C515F6E0029510E;
					};
				};
			};
			buildConfigurationList = 93933F661C515F6E0029510E /* Build configuration list for PBXProject "TeamR_RealTimeDisplay" */;
			compatibilityVersion = "Xcode 3.2";
			developmentRegion = English;
			hasScannedForEncodings = 0;
			knownRegions = (
				en,
				Base,
			);
			mainGroup = 93933F621C515F6E0029510E;
			productRefGroup = 93933F6C1C515F6E0029510E /* Products */;
			projectDirPath = "";
			projectRoot = "";
			targets = (
				93933F6A1C515F6E0029510E /* TeamR_RealTimeDisplay */,
				93933F861C515F6E0029510E /* TeamR_RealTimeDisplayTests */,
				93933F911C515F6E0029510E /* TeamR_RealTimeDisplayUITests */,
			);
		};
/* End PBXProject section */

/* Begin PBXResourcesBuildPhase section */
		93933F691C515F6E0029510E /* Resources */ = {
			isa = PBXResourcesBuildPhase;
			buildActionMask = 2147483647;
			files = (
				93710DC51C7CE7C40066B916 /* btnCheck@2x.png in Resources */,
				93933F811C515F6E0029510E /* LaunchScreen.storyboard in Resources */,
				93933F7E1C515F6E0029510E /* Assets.xcassets in Resources */,
				93933F791C515F6E0029510E /* Main.storyboard in Resources */,
				9340CD931CB057170015BA59 /* icon-ios7-gear-128.png in Resources */,
				93D605BD1C640F9D00E82DAD /* reveal-icon.png in Resources */,
				93710DC41C7CE7C40066B916 /* btnCheck.png in Resources */,
			);
			runOnlyForDeploymentPostprocessing = 0;
		};
		93933F851C515F6E0029510E /* Resources */ = {
			isa = PBXResourcesBuildPhase;
			buildActionMask = 2147483647;
			files = (
			);
			runOnlyForDeploymentPostprocessing = 0;
		};
		93933F901C515F6E0029510E /* Resources */ = {
			isa = PBXResourcesBuildPhase;
			buildActionMask = 2147483647;
			files = (
			);
			runOnlyForDeploymentPostprocessing = 0;
		};
/* End PBXResourcesBuildPhase section */

/* Begin PBXShellScriptBuildPhase section */
		72A1363216AA7C44A050B1B0 /* Check Pods Manifest.lock */ = {
			isa = PBXShellScriptBuildPhase;
			buildActionMask = 2147483647;
			files = (
			);
			inputPaths = (
			);
			name = "Check Pods Manifest.lock";
			outputPaths = (
			);
			runOnlyForDeploymentPostprocessing = 0;
			shellPath = /bin/sh;
			shellScript = "diff \"${PODS_ROOT}/../Podfile.lock\" \"${PODS_ROOT}/Manifest.lock\" > /dev/null\nif [[ $? != 0 ]] ; then\n    cat << EOM\nerror: The sandbox is not in sync with the Podfile.lock. Run 'pod install' or update your CocoaPods installation.\nEOM\n    exit 1\nfi\n";
			showEnvVarsInLog = 0;
		};
		BE7ED1E3CBA85A8035880FDA /* Embed Pods Frameworks */ = {
			isa = PBXShellScriptBuildPhase;
			buildActionMask = 2147483647;
			files = (
			);
			inputPaths = (
			);
			name = "Embed Pods Frameworks";
			outputPaths = (
			);
			runOnlyForDeploymentPostprocessing = 0;
			shellPath = /bin/sh;
			shellScript = "\"${SRCROOT}/Pods/Target Support Files/Pods/Pods-frameworks.sh\"\n";
			showEnvVarsInLog = 0;
		};
		C27775E2D9E8135DA7F28C90 /* Copy Pods Resources */ = {
			isa = PBXShellScriptBuildPhase;
			buildActionMask = 2147483647;
			files = (
			);
			inputPaths = (
			);
			name = "Copy Pods Resources";
			outputPaths = (
			);
			runOnlyForDeploymentPostprocessing = 0;
			shellPath = /bin/sh;
			shellScript = "\"${SRCROOT}/Pods/Target Support Files/Pods/Pods-resources.sh\"\n";
			showEnvVarsInLog = 0;
		};
/* End PBXShellScriptBuildPhase section */

/* Begin PBXSourcesBuildPhase section */
		93933F671C515F6E0029510E /* Sources */ = {
			isa = PBXSourcesBuildPhase;
			buildActionMask = 2147483647;
			files = (
				932F83BC1C91B64C0077A566 /* JSONHTTPClient.m in Sources */,
				93933F761C515F6E0029510E /* ViewController.m in Sources */,
				932F83BD1C91B64C0077A566 /* JSONModel+networking.m in Sources */,
				93710DC61C7CE7C40066B916 /* HUD.m in Sources */,
				93933F731C515F6E0029510E /* AppDelegate.m in Sources */,
				9340CD9C1CB061690015BA59 /* settingViewController.m in Sources */,
				932F83AF1C91B5CE0077A566 /* JSONModelError.m in Sources */,
				932F83B31C91B63A0077A566 /* NSArray+JSONModel.m in Sources */,
				93933F701C515F6E0029510E /* main.m in Sources */,
				932F83BB1C91B64C0077A566 /* JSONAPI.m in Sources */,
				9384867C1C8CA027004A2371 /* loginViewController.m in Sources */,
				93710DC71C7CE7C40066B916 /* MBProgressHUD.m in Sources */,
				932F83C31C91B6560077A566 /* JSONValueTransformer.m in Sources */,
				93933F7C1C515F6E0029510E /* TeamR_RealTimeDisplay.xcdatamodeld in Sources */,
				932F83AE1C91B5CE0077A566 /* JSONModelClassProperty.m in Sources */,
				934DFC401C63946600AC3A0A /* CBAutoScrollLabel.m in Sources */,
				932F83C21C91B6560077A566 /* JSONKeyMapper.m in Sources */,
				93C30D591C643160001CF279 /* MenuViewcontroller.m in Sources */,
				932F83AC1C91B5CE0077A566 /* JSONModel.m in Sources */,
				93C30D571C643100001CF279 /* SWRevealViewController.m in Sources */,
				93FF2F9A1C80AD3A00737AE6 /* assetModel.m in Sources */,
				932F83AD1C91B5CE0077A566 /* JSONModelArray.m in Sources */,
			);
			runOnlyForDeploymentPostprocessing = 0;
		};
		93933F831C515F6E0029510E /* Sources */ = {
			isa = PBXSourcesBuildPhase;
			buildActionMask = 2147483647;
			files = (
				93933F8C1C515F6E0029510E /* TeamR_RealTimeDisplayTests.m in Sources */,
			);
			runOnlyForDeploymentPostprocessing = 0;
		};
		93933F8E1C515F6E0029510E /* Sources */ = {
			isa = PBXSourcesBuildPhase;
			buildActionMask = 2147483647;
			files = (
				93933F971C515F6E0029510E /* TeamR_RealTimeDisplayUITests.m in Sources */,
			);
			runOnlyForDeploymentPostprocessing = 0;
		};
/* End PBXSourcesBuildPhase section */

/* Begin PBXTargetDependency section */
		93933F891C515F6E0029510E /* PBXTargetDependency */ = {
			isa = PBXTargetDependency;
			target = 93933F6A1C515F6E0029510E /* TeamR_RealTimeDisplay */;
			targetProxy = 93933F881C515F6E0029510E /* PBXContainerItemProxy */;
		};
		93933F941C515F6E0029510E /* PBXTargetDependency */ = {
			isa = PBXTargetDependency;
			target = 93933F6A1C515F6E0029510E /* TeamR_RealTimeDisplay */;
			targetProxy = 93933F931C515F6E0029510E /* PBXContainerItemProxy */;
		};
/* End PBXTargetDependency section */

/* Begin PBXVariantGroup section */
		93933F771C515F6E0029510E /* Main.storyboard */ = {
			isa = PBXVariantGroup;
			children = (
				93933F781C515F6E0029510E /* Base */,
			);
			name = Main.storyboard;
			sourceTree = "<group>";
		};
		93933F7F1C515F6E0029510E /* LaunchScreen.storyboard */ = {
			isa = PBXVariantGroup;
			children = (
				93933F801C515F6E0029510E /* Base */,
			);
			name = LaunchScreen.storyboard;
			sourceTree = "<group>";
		};
/* End PBXVariantGroup section */

/* Begin XCBuildConfiguration section */
		93933F991C515F6E0029510E /* Debug */ = {
			isa = XCBuildConfiguration;
			buildSettings = {
				ALWAYS_SEARCH_USER_PATHS = NO;
				CLANG_CXX_LANGUAGE_STANDARD = "gnu++0x";
				CLANG_CXX_LIBRARY = "libc++";
				CLANG_ENABLE_MODULES = YES;
				CLANG_ENABLE_OBJC_ARC = YES;
				CLANG_WARN_BOOL_CONVERSION = YES;
				CLANG_WARN_CONSTANT_CONVERSION = YES;
				CLANG_WARN_DIRECT_OBJC_ISA_USAGE = YES_ERROR;
				CLANG_WARN_EMPTY_BODY = YES;
				CLANG_WARN_ENUM_CONVERSION = YES;
				CLANG_WARN_INT_CONVERSION = YES;
				CLANG_WARN_OBJC_ROOT_CLASS = YES_ERROR;
				CLANG_WARN_UNREACHABLE_CODE = YES;
				CLANG_WARN__DUPLICATE_METHOD_MATCH = YES;
				"CODE_SIGN_IDENTITY[sdk=iphoneos*]" = "iPhone Developer";
				COPY_PHASE_STRIP = NO;
				DEBUG_INFORMATION_FORMAT = dwarf;
				ENABLE_STRICT_OBJC_MSGSEND = YES;
				ENABLE_TESTABILITY = YES;
				GCC_C_LANGUAGE_STANDARD = gnu99;
				GCC_DYNAMIC_NO_PIC = NO;
				GCC_NO_COMMON_BLOCKS = YES;
				GCC_OPTIMIZATION_LEVEL = 0;
				GCC_PREPROCESSOR_DEFINITIONS = (
					"DEBUG=1",
					"$(inherited)",
				);
				GCC_WARN_64_TO_32_BIT_CONVERSION = YES;
				GCC_WARN_ABOUT_RETURN_TYPE = YES_ERROR;
				GCC_WARN_UNDECLARED_SELECTOR = YES;
				GCC_WARN_UNINITIALIZED_AUTOS = YES_AGGRESSIVE;
				GCC_WARN_UNUSED_FUNCTION = YES;
				GCC_WARN_UNUSED_VARIABLE = YES;
				IPHONEOS_DEPLOYMENT_TARGET = 9.2;
				MTL_ENABLE_DEBUG_INFO = YES;
				ONLY_ACTIVE_ARCH = YES;
				SDKROOT = iphoneos;
				TARGETED_DEVICE_FAMILY = "1,2";
			};
			name = Debug;
		};
		93933F9A1C515F6E0029510E /* Release */ = {
			isa = XCBuildConfiguration;
			buildSettings = {
				ALWAYS_SEARCH_USER_PATHS = NO;
				CLANG_CXX_LANGUAGE_STANDARD = "gnu++0x";
				CLANG_CXX_LIBRARY = "libc++";
				CLANG_ENABLE_MODULES = YES;
				CLANG_ENABLE_OBJC_ARC = YES;
				CLANG_WARN_BOOL_CONVERSION = YES;
				CLANG_WARN_CONSTANT_CONVERSION = YES;
				CLANG_WARN_DIRECT_OBJC_ISA_USAGE = YES_ERROR;
				CLANG_WARN_EMPTY_BODY = YES;
				CLANG_WARN_ENUM_CONVERSION = YES;
				CLANG_WARN_INT_CONVERSION = YES;
				CLANG_WARN_OBJC_ROOT_CLASS = YES_ERROR;
				CLANG_WARN_UNREACHABLE_CODE = YES;
				CLANG_WARN__DUPLICATE_METHOD_MATCH = YES;
				"CODE_SIGN_IDENTITY[sdk=iphoneos*]" = "iPhone Developer";
				COPY_PHASE_STRIP = NO;
				DEBUG_INFORMATION_FORMAT = "dwarf-with-dsym";
				ENABLE_NS_ASSERTIONS = NO;
				ENABLE_STRICT_OBJC_MSGSEND = YES;
				GCC_C_LANGUAGE_STANDARD = gnu99;
				GCC_NO_COMMON_BLOCKS = YES;
				GCC_WARN_64_TO_32_BIT_CONVERSION = YES;
				GCC_WARN_ABOUT_RETURN_TYPE = YES_ERROR;
				GCC_WARN_UNDECLARED_SELECTOR = YES;
				GCC_WARN_UNINITIALIZED_AUTOS = YES_AGGRESSIVE;
				GCC_WARN_UNUSED_FUNCTION = YES;
				GCC_WARN_UNUSED_VARIABLE = YES;
				IPHONEOS_DEPLOYMENT_TARGET = 9.2;
				MTL_ENABLE_DEBUG_INFO = NO;
				SDKROOT = iphoneos;
				TARGETED_DEVICE_FAMILY = "1,2";
				VALIDATE_PRODUCT = YES;
			};
			name = Release;
		};
		93933F9C1C515F6E0029510E /* Debug */ = {
			isa = XCBuildConfiguration;
			baseConfigurationReference = 39616FB16857AC12AA46CC72 /* Pods.debug.xcconfig */;
			buildSettings = {
				ASSETCATALOG_COMPILER_APPICON_NAME = AppIcon;
				INFOPLIST_FILE = TeamR_RealTimeDisplay/Info.plist;
				LD_RUNPATH_SEARCH_PATHS = "$(inherited) @executable_path/Frameworks";
				ONLY_ACTIVE_ARCH = YES;
				OTHER_LDFLAGS = (
					"$(inherited)",
					"-ObjC",
					"-l\"c++\"",
					"-l\"icucore\"",
					"-l\"z\"",
					"-framework",
					"\"AVFoundation\"",
					"-framework",
					"\"Accelerate\"",
					"-framework",
					"\"CoreBluetooth\"",
					"-framework",
					"\"CoreData\"",
					"-framework",
					"\"CoreGraphics\"",
					"-framework",
					"\"CoreLocation\"",
					"-framework",
					"\"CoreText\"",
					"-framework",
					"\"GLKit\"",
					"-framework",
					"\"GoogleMaps\"",
					"-framework",
					"\"ImageIO\"",
					"-framework",
					"\"OpenGLES\"",
					"-framework",
					"\"QuartzCore\"",
					"-framework",
					"\"Security\"",
					"-framework",
					"\"SystemConfiguration\"",
					"-lPods",
				);
				PRODUCT_BUNDLE_IDENTIFIER = "WSU.TeamR-RealTimeDisplay";
				PRODUCT_NAME = "$(TARGET_NAME)";
				SDKROOT = iphoneos;
			};
			name = Debug;
		};
		93933F9D1C515F6E0029510E /* Release */ = {
			isa = XCBuildConfiguration;
			baseConfigurationReference = 6316AA759C149E74AE3D12D2 /* Pods.release.xcconfig */;
			buildSettings = {
				ASSETCATALOG_COMPILER_APPICON_NAME = AppIcon;
				INFOPLIST_FILE = TeamR_RealTimeDisplay/Info.plist;
				LD_RUNPATH_SEARCH_PATHS = "$(inherited) @executable_path/Frameworks";
				ONLY_ACTIVE_ARCH = YES;
				OTHER_LDFLAGS = (
					"$(inherited)",
					"-ObjC",
					"-l\"c++\"",
					"-l\"icucore\"",
					"-l\"z\"",
					"-framework",
					"\"AVFoundation\"",
					"-framework",
					"\"Accelerate\"",
					"-framework",
					"\"CoreBluetooth\"",
					"-framework",
					"\"CoreData\"",
					"-framework",
					"\"CoreGraphics\"",
					"-framework",
					"\"CoreLocation\"",
					"-framework",
					"\"CoreText\"",
					"-framework",
					"\"GLKit\"",
					"-framework",
					"\"GoogleMaps\"",
					"-framework",
					"\"ImageIO\"",
					"-framework",
					"\"OpenGLES\"",
					"-framework",
					"\"QuartzCore\"",
					"-framework",
					"\"Security\"",
					"-framework",
					"\"SystemConfiguration\"",
					"-lPods",
				);
				PRODUCT_BUNDLE_IDENTIFIER = "WSU.TeamR-RealTimeDisplay";
				PRODUCT_NAME = "$(TARGET_NAME)";
				SDKROOT = iphoneos;
			};
			name = Release;
		};
		93933F9F1C515F6E0029510E /* Debug */ = {
			isa = XCBuildConfiguration;
			buildSettings = {
				BUNDLE_LOADER = "$(TEST_HOST)";
				INFOPLIST_FILE = TeamR_RealTimeDisplayTests/Info.plist;
				LD_RUNPATH_SEARCH_PATHS = "$(inherited) @executable_path/Frameworks @loader_path/Frameworks";
				PRODUCT_BUNDLE_IDENTIFIER = "WSU.TeamR-RealTimeDisplayTests";
				PRODUCT_NAME = "$(TARGET_NAME)";
				TEST_HOST = "$(BUILT_PRODUCTS_DIR)/TeamR_RealTimeDisplay.app/TeamR_RealTimeDisplay";
			};
			name = Debug;
		};
		93933FA01C515F6E0029510E /* Release */ = {
			isa = XCBuildConfiguration;
			buildSettings = {
				BUNDLE_LOADER = "$(TEST_HOST)";
				INFOPLIST_FILE = TeamR_RealTimeDisplayTests/Info.plist;
				LD_RUNPATH_SEARCH_PATHS = "$(inherited) @executable_path/Frameworks @loader_path/Frameworks";
				PRODUCT_BUNDLE_IDENTIFIER = "WSU.TeamR-RealTimeDisplayTests";
				PRODUCT_NAME = "$(TARGET_NAME)";
				TEST_HOST = "$(BUILT_PRODUCTS_DIR)/TeamR_RealTimeDisplay.app/TeamR_RealTimeDisplay";
			};
			name = Release;
		};
		93933FA21C515F6E0029510E /* Debug */ = {
			isa = XCBuildConfiguration;
			buildSettings = {
				INFOPLIST_FILE = TeamR_RealTimeDisplayUITests/Info.plist;
				LD_RUNPATH_SEARCH_PATHS = "$(inherited) @executable_path/Frameworks @loader_path/Frameworks";
				PRODUCT_BUNDLE_IDENTIFIER = "WSU.TeamR-RealTimeDisplayUITests";
				PRODUCT_NAME = "$(TARGET_NAME)";
				TEST_TARGET_NAME = TeamR_RealTimeDisplay;
				USES_XCTRUNNER = YES;
			};
			name = Debug;
		};
		93933FA31C515F6E0029510E /* Release */ = {
			isa = XCBuildConfiguration;
			buildSettings = {
				INFOPLIST_FILE = TeamR_RealTimeDisplayUITests/Info.plist;
				LD_RUNPATH_SEARCH_PATHS = "$(inherited) @executable_path/Frameworks @loader_path/Frameworks";
				PRODUCT_BUNDLE_IDENTIFIER = "WSU.TeamR-RealTimeDisplayUITests";
				PRODUCT_NAME = "$(TARGET_NAME)";
				TEST_TARGET_NAME = TeamR_RealTimeDisplay;
				USES_XCTRUNNER = YES;
			};
			name = Release;
		};
/* End XCBuildConfiguration section */

/* Begin XCConfigurationList section */
		93933F661C515F6E0029510E /* Build configuration list for PBXProject "TeamR_RealTimeDisplay" */ = {
			isa = XCConfigurationList;
			buildConfigurations = (
				93933F991C515F6E0029510E /* Debug */,
				93933F9A1C515F6E0029510E /* Release */,
			);
			defaultConfigurationIsVisible = 0;
			defaultConfigurationName = Release;
		};
		93933F9B1C515F6E0029510E /* Build configuration list for PBXNativeTarget "TeamR_RealTimeDisplay" */ = {
			isa = XCConfigurationList;
			buildConfigurations = (
				93933F9C1C515F6E0029510E /* Debug */,
				93933F9D1C515F6E0029510E /* Release */,
			);
			defaultConfigurationIsVisible = 0;
			defaultConfigurationName = Release;
		};
		93933F9E1C515F6E0029510E /* Build configuration list for PBXNativeTarget "TeamR_RealTimeDisplayTests" */ = {
			isa = XCConfigurationList;
			buildConfigurations = (
				93933F9F1C515F6E0029510E /* Debug */,
				93933FA01C515F6E0029510E /* Release */,
			);
			defaultConfigurationIsVisible = 0;
			defaultConfigurationName = Release;
		};
		93933FA11C515F6E0029510E /* Build configuration list for PBXNativeTarget "TeamR_RealTimeDisplayUITests" */ = {
			isa = XCConfigurationList;
			buildConfigurations = (
				93933FA21C515F6E0029510E /* Debug */,
				93933FA31C515F6E0029510E /* Release */,
			);
			defaultConfigurationIsVisible = 0;
			defaultConfigurationName = Release;
		};
/* End XCConfigurationList section */

/* Begin XCVersionGroup section */
		93933F7A1C515F6E0029510E /* TeamR_RealTimeDisplay.xcdatamodeld */ = {
			isa = XCVersionGroup;
			children = (
				93933F7B1C515F6E0029510E /* TeamR_RealTimeDisplay.xcdatamodel */,
			);
			currentVersion = 93933F7B1C515F6E0029510E /* TeamR_RealTimeDisplay.xcdatamodel */;
			path = TeamR_RealTimeDisplay.xcdatamodeld;
			sourceTree = "<group>";
			versionGroupType = wrapper.xcdatamodel;
		};
/* End XCVersionGroup section */
	};
	rootObject = 93933F631C515F6E0029510E /* Project object */;
}
